
Microsoft Visual Studio Solution File, Format Version 12.00
# Visual Studio Version 16
VisualStudioVersion = 16.0.30804.86
MinimumVisualStudioVersion = 10.0.40219.1
Project("{FAE04EC0-301F-11D3-BF4B-00C04F79EFBC}") = "BlackboxApi", "BlackboxApi\BlackboxApi.csproj", "{A6E32C10-D4A9-4998-8B51-1F0D723E957E}"
EndProject
Global
	GlobalSection(SolutionConfigurationPlatforms) = preSolution
		Debug|Any CPU = Debug|Any CPU
		Release|Any CPU = Release|Any CPU
	EndGlobalSection
	GlobalSection(ProjectConfigurationPlatforms) = postSolution
		{A6E32C10-D4A9-4998-8B51-1F0D723E957E}.Debug|Any CPU.ActiveCfg = Debug|Any CPU
		{A6E32C10-D4A9-4998-8B51-1F0D723E957E}.Debug|Any CPU.Build.0 = Debug|Any CPU
		{A6E32C10-D4A9-4998-8B51-1F0D723E957E}.Release|Any CPU.ActiveCfg = Release|Any CPU
		{A6E32C10-D4A9-4998-8B51-1F0D723E957E}.Release|Any CPU.Build.0 = Release|Any CPU
	EndGlobalSection
	GlobalSection(SolutionProperties) = preSolution
		HideSolutionNode = FALSE
	EndGlobalSection
	GlobalSection(ExtensibilityGlobals) = postSolution
		SolutionGuid = {926F79AA-EB1A-43BC-A6C7-DCF4DD885612}
	EndGlobalSection
EndGlobal
